{
    "name": "example-dockerfile",
    "version": "1.0.0",
    "lockfileVersion": 2,
    "dependencies": {
      "express": {
        "version": "4.17.1",
        "resolved": "https://registry.npmjs.org/express/-/express-4.17.1.tgz",
        "integrity": "sha512-K2Ogbf7CxJcT5m0e1RpaH5Yv27lHto48VjiRvhSbmBG0U6mjCg+nD5Q0FpcC4u3mX"
      }
    }
  }